
Microsoft Visual Studio Solution File, Format Version 12.00
# Visual Studio Version 17
VisualStudioVersion = 17.9.34622.214
MinimumVisualStudioVersion = 10.0.40219.1
Project("{9A19103F-16F7-4668-BE54-9A1E7A4F7556}") = "PumpLog.API", "PumpLog.API\PumpLog.API.csproj", "{6028AF42-97F3-4773-B3BC-85A71D8FA272}"
EndProject
Project("{9A19103F-16F7-4668-BE54-9A1E7A4F7556}") = "PumpLog.Core", "PumpLog.Core\PumpLog.Core.csproj", "{A1FC746A-42A9-4AF1-B472-587983C68167}"
EndProject
Project("{9A19103F-16F7-4668-BE54-9A1E7A4F7556}") = "PumpLog.Generic", "PumpLog.Generic\PumpLog.Generic.csproj", "{5E85B6D3-C042-4579-A9C6-16B05F96FBF7}"
EndProject
Project("{FAE04EC0-301F-11D3-BF4B-00C04F79EFBC}") = "PumpLog.Infra", "PumpLog.Infra\PumpLog.Infra.csproj", "{84EEC2B9-101F-4F73-A2FD-666763F5B2CE}"
EndProject
Project("{00D1A9C2-B5F0-4AF3-8072-F6C62B433612}") = "pumpDB", "pumpDB\pumpDB.sqlproj", "{A072F898-4DC5-443D-9866-28D19A842A00}"
EndProject
Global
	GlobalSection(SolutionConfigurationPlatforms) = preSolution
		Debug|Any CPU = Debug|Any CPU
		Release|Any CPU = Release|Any CPU
	EndGlobalSection
	GlobalSection(ProjectConfigurationPlatforms) = postSolution
		{6028AF42-97F3-4773-B3BC-85A71D8FA272}.Debug|Any CPU.ActiveCfg = Debug|Any CPU
		{6028AF42-97F3-4773-B3BC-85A71D8FA272}.Debug|Any CPU.Build.0 = Debug|Any CPU
		{6028AF42-97F3-4773-B3BC-85A71D8FA272}.Release|Any CPU.ActiveCfg = Release|Any CPU
		{6028AF42-97F3-4773-B3BC-85A71D8FA272}.Release|Any CPU.Build.0 = Release|Any CPU
		{A1FC746A-42A9-4AF1-B472-587983C68167}.Debug|Any CPU.ActiveCfg = Debug|Any CPU
		{A1FC746A-42A9-4AF1-B472-587983C68167}.Debug|Any CPU.Build.0 = Debug|Any CPU
		{A1FC746A-42A9-4AF1-B472-587983C68167}.Release|Any CPU.ActiveCfg = Release|Any CPU
		{A1FC746A-42A9-4AF1-B472-587983C68167}.Release|Any CPU.Build.0 = Release|Any CPU
		{5E85B6D3-C042-4579-A9C6-16B05F96FBF7}.Debug|Any CPU.ActiveCfg = Debug|Any CPU
		{5E85B6D3-C042-4579-A9C6-16B05F96FBF7}.Debug|Any CPU.Build.0 = Debug|Any CPU
		{5E85B6D3-C042-4579-A9C6-16B05F96FBF7}.Release|Any CPU.ActiveCfg = Release|Any CPU
		{5E85B6D3-C042-4579-A9C6-16B05F96FBF7}.Release|Any CPU.Build.0 = Release|Any CPU
		{84EEC2B9-101F-4F73-A2FD-666763F5B2CE}.Debug|Any CPU.ActiveCfg = Debug|Any CPU
		{84EEC2B9-101F-4F73-A2FD-666763F5B2CE}.Debug|Any CPU.Build.0 = Debug|Any CPU
		{84EEC2B9-101F-4F73-A2FD-666763F5B2CE}.Release|Any CPU.ActiveCfg = Release|Any CPU
		{84EEC2B9-101F-4F73-A2FD-666763F5B2CE}.Release|Any CPU.Build.0 = Release|Any CPU
		{A072F898-4DC5-443D-9866-28D19A842A00}.Debug|Any CPU.ActiveCfg = Debug|Any CPU
		{A072F898-4DC5-443D-9866-28D19A842A00}.Debug|Any CPU.Build.0 = Debug|Any CPU
		{A072F898-4DC5-443D-9866-28D19A842A00}.Debug|Any CPU.Deploy.0 = Debug|Any CPU
		{A072F898-4DC5-443D-9866-28D19A842A00}.Release|Any CPU.ActiveCfg = Release|Any CPU
		{A072F898-4DC5-443D-9866-28D19A842A00}.Release|Any CPU.Build.0 = Release|Any CPU
		{A072F898-4DC5-443D-9866-28D19A842A00}.Release|Any CPU.Deploy.0 = Release|Any CPU
	EndGlobalSection
	GlobalSection(SolutionProperties) = preSolution
		HideSolutionNode = FALSE
	EndGlobalSection
	GlobalSection(ExtensibilityGlobals) = postSolution
		SolutionGuid = {93638E23-09A1-497F-BAE3-894ED9E7F01E}
	EndGlobalSection
EndGlobal
